// !$*UTF8*$!
{
	archiveVersion = 1;
	classes = {
	};
	objectVersion = 46;
	objects = {

/* Begin PBXBuildFile section */
		CC2BEC041EF9C97F00A45277 /* Common.swift in Sources */ = {isa = PBXBuildFile; fileRef = CC2BEC031EF9C97F00A45277 /* Common.swift */; };
		CC2BEC5A1F02683000A45277 /* PlayerCell.swift in Sources */ = {isa = PBXBuildFile; fileRef = CC2BEC591F02683000A45277 /* PlayerCell.swift */; };
		CC2BEC5C1F02C26300A45277 /* StatisticCell.swift in Sources */ = {isa = PBXBuildFile; fileRef = CC2BEC5B1F02C26300A45277 /* StatisticCell.swift */; };
		CC2BEC5E1F02CC4500A45277 /* HeaderCell.swift in Sources */ = {isa = PBXBuildFile; fileRef = CC2BEC5D1F02CC4500A45277 /* HeaderCell.swift */; };
		CC5155651F03E4EE00440F85 /* FooterCell.swift in Sources */ = {isa = PBXBuildFile; fileRef = CC5155641F03E4EE00440F85 /* FooterCell.swift */; };
		CCCD23121EEFFBB500B6512C /* AppDelegate.swift in Sources */ = {isa = PBXBuildFile; fileRef = CCCD23111EEFFBB500B6512C /* AppDelegate.swift */; };
		CCCD23171EEFFBB500B6512C /* Main.storyboard in Resources */ = {isa = PBXBuildFile; fileRef = CCCD23151EEFFBB500B6512C /* Main.storyboard */; };
		CCCD23191EEFFBB600B6512C /* Assets.xcassets in Resources */ = {isa = PBXBuildFile; fileRef = CCCD23181EEFFBB600B6512C /* Assets.xcassets */; };
		CCCD231C1EEFFBB600B6512C /* LaunchScreen.storyboard in Resources */ = {isa = PBXBuildFile; fileRef = CCCD231A1EEFFBB600B6512C /* LaunchScreen.storyboard */; };
		CCCD232A1EF02CC100B6512C /* DataManager.swift in Sources */ = {isa = PBXBuildFile; fileRef = CCCD23291EF02CC100B6512C /* DataManager.swift */; };
		CCE00A0D1EF0333A0042AC88 /* Player.swift in Sources */ = {isa = PBXBuildFile; fileRef = CCE00A0C1EF0333A0042AC88 /* Player.swift */; };
		CCE00A0F1EF038260042AC88 /* Match.swift in Sources */ = {isa = PBXBuildFile; fileRef = CCE00A0E1EF038260042AC88 /* Match.swift */; };
		CCE00A111EF03B7D0042AC88 /* Team.swift in Sources */ = {isa = PBXBuildFile; fileRef = CCE00A101EF03B7D0042AC88 /* Team.swift */; };
		CCE00A231EF568E50042AC88 /* PlayerManager.swift in Sources */ = {isa = PBXBuildFile; fileRef = CCE00A221EF568E50042AC88 /* PlayerManager.swift */; };
		CCE00A251EF587360042AC88 /* APIManager.swift in Sources */ = {isa = PBXBuildFile; fileRef = CCE00A241EF587360042AC88 /* APIManager.swift */; };
		CCE00A291EF6A1050042AC88 /* Statistics.swift in Sources */ = {isa = PBXBuildFile; fileRef = CCE00A281EF6A1050042AC88 /* Statistics.swift */; };
		CCE00A2D1EF7D0EA0042AC88 /* StatisticViewController.swift in Sources */ = {isa = PBXBuildFile; fileRef = CCE00A2C1EF7D0EA0042AC88 /* StatisticViewController.swift */; };
/* End PBXBuildFile section */

/* Begin PBXFileReference section */
		CC2BEC031EF9C97F00A45277 /* Common.swift */ = {isa = PBXFileReference; fileEncoding = 4; lastKnownFileType = sourcecode.swift; name = Common.swift; path = Common/Common.swift; sourceTree = "<group>"; };
		CC2BEC591F02683000A45277 /* PlayerCell.swift */ = {isa = PBXFileReference; fileEncoding = 4; lastKnownFileType = sourcecode.swift; name = PlayerCell.swift; path = StatisticViewController/View/PlayerCell.swift; sourceTree = "<group>"; };
		CC2BEC5B1F02C26300A45277 /* StatisticCell.swift */ = {isa = PBXFileReference; fileEncoding = 4; lastKnownFileType = sourcecode.swift; name = StatisticCell.swift; path = StatisticViewController/View/StatisticCell.swift; sourceTree = "<group>"; };
		CC2BEC5D1F02CC4500A45277 /* HeaderCell.swift */ = {isa = PBXFileReference; fileEncoding = 4; lastKnownFileType = sourcecode.swift; name = HeaderCell.swift; path = StatisticViewController/View/HeaderCell.swift; sourceTree = "<group>"; };
		CC5155641F03E4EE00440F85 /* FooterCell.swift */ = {isa = PBXFileReference; fileEncoding = 4; lastKnownFileType = sourcecode.swift; name = FooterCell.swift; path = StatisticViewController/View/FooterCell.swift; sourceTree = "<group>"; };
		CCCD230E1EEFFBB500B6512C /* Instat.app */ = {isa = PBXFileReference; explicitFileType = wrapper.application; includeInIndex = 0; path = Instat.app; sourceTree = BUILT_PRODUCTS_DIR; };
		CCCD23111EEFFBB500B6512C /* AppDelegate.swift */ = {isa = PBXFileReference; lastKnownFileType = sourcecode.swift; path = AppDelegate.swift; sourceTree = "<group>"; };
		CCCD23161EEFFBB500B6512C /* Base */ = {isa = PBXFileReference; lastKnownFileType = file.storyboard; name = Base; path = Base.lproj/Main.storyboard; sourceTree = "<group>"; };
		CCCD23181EEFFBB600B6512C /* Assets.xcassets */ = {isa = PBXFileReference; lastKnownFileType = folder.assetcatalog; path = Assets.xcassets; sourceTree = "<group>"; };
		CCCD231B1EEFFBB600B6512C /* Base */ = {isa = PBXFileReference; lastKnownFileType = file.storyboard; name = Base; path = Base.lproj/LaunchScreen.storyboard; sourceTree = "<group>"; };
		CCCD231D1EEFFBB600B6512C /* Info.plist */ = {isa = PBXFileReference; lastKnownFileType = text.plist.xml; path = Info.plist; sourceTree = "<group>"; };
		CCCD23291EF02CC100B6512C /* DataManager.swift */ = {isa = PBXFileReference; fileEncoding = 4; lastKnownFileType = sourcecode.swift; name = DataManager.swift; path = DataManager/DataManager.swift; sourceTree = "<group>"; };
		CCE00A0C1EF0333A0042AC88 /* Player.swift */ = {isa = PBXFileReference; fileEncoding = 4; lastKnownFileType = sourcecode.swift; name = Player.swift; path = MatchStatistic/Model/Player.swift; sourceTree = "<group>"; };
		CCE00A0E1EF038260042AC88 /* Match.swift */ = {isa = PBXFileReference; fileEncoding = 4; lastKnownFileType = sourcecode.swift; name = Match.swift; path = MatchStatistic/Model/Match.swift; sourceTree = "<group>"; };
		CCE00A101EF03B7D0042AC88 /* Team.swift */ = {isa = PBXFileReference; fileEncoding = 4; lastKnownFileType = sourcecode.swift; name = Team.swift; path = MatchStatistic/Model/Team.swift; sourceTree = "<group>"; };
		CCE00A221EF568E50042AC88 /* PlayerManager.swift */ = {isa = PBXFileReference; fileEncoding = 4; lastKnownFileType = sourcecode.swift; name = PlayerManager.swift; path = PlayerManager/PlayerManager.swift; sourceTree = "<group>"; };
		CCE00A241EF587360042AC88 /* APIManager.swift */ = {isa = PBXFileReference; fileEncoding = 4; lastKnownFileType = sourcecode.swift; name = APIManager.swift; path = APIManager/APIManager.swift; sourceTree = "<group>"; };
		CCE00A281EF6A1050042AC88 /* Statistics.swift */ = {isa = PBXFileReference; fileEncoding = 4; lastKnownFileType = sourcecode.swift; name = Statistics.swift; path = Statistics/Model/Statistics.swift; sourceTree = "<group>"; };
		CCE00A2C1EF7D0EA0042AC88 /* StatisticViewController.swift */ = {isa = PBXFileReference; fileEncoding = 4; lastKnownFileType = sourcecode.swift; name = StatisticViewController.swift; path = StatisticViewController/Controller/StatisticViewController.swift; sourceTree = "<group>"; };
/* End PBXFileReference section */

/* Begin PBXFrameworksBuildPhase section */
		CCCD230B1EEFFBB500B6512C /* Frameworks */ = {
			isa = PBXFrameworksBuildPhase;
			buildActionMask = 2147483647;
			files = (
			);
			runOnlyForDeploymentPostprocessing = 0;
		};
/* End PBXFrameworksBuildPhase section */

/* Begin PBXGroup section */
		CC2BEC021EF9C92800A45277 /* Common */ = {
			isa = PBXGroup;
			children = (
				CC2BEC031EF9C97F00A45277 /* Common.swift */,
			);
			name = Common;
			sourceTree = "<group>";
		};
		CC2BEC561F0267C000A45277 /* View */ = {
			isa = PBXGroup;
			children = (
				CC2BEC591F02683000A45277 /* PlayerCell.swift */,
				CC2BEC5B1F02C26300A45277 /* StatisticCell.swift */,
				CC2BEC5D1F02CC4500A45277 /* HeaderCell.swift */,
				CC5155641F03E4EE00440F85 /* FooterCell.swift */,
			);
			name = View;
			sourceTree = "<group>";
		};
		CCCD23051EEFFBB500B6512C = {
			isa = PBXGroup;
			children = (
				CCCD23101EEFFBB500B6512C /* Instat */,
				CCCD230F1EEFFBB500B6512C /* Products */,
			);
			sourceTree = "<group>";
		};
		CCCD230F1EEFFBB500B6512C /* Products */ = {
			isa = PBXGroup;
			children = (
				CCCD230E1EEFFBB500B6512C /* Instat.app */,
			);
			name = Products;
			sourceTree = "<group>";
		};
		CCCD23101EEFFBB500B6512C /* Instat */ = {
			isa = PBXGroup;
			children = (
				CCCD23251EF02A3A00B6512C /* Application */,
				CCCD23231EF0297B00B6512C /* Assets */,
			);
			path = Instat;
			sourceTree = "<group>";
		};
		CCCD23231EF0297B00B6512C /* Assets */ = {
			isa = PBXGroup;
			children = (
				CCCD231D1EEFFBB600B6512C /* Info.plist */,
				CCCD23241EF029C800B6512C /* Storyboard */,
				CCCD23181EEFFBB600B6512C /* Assets.xcassets */,
			);
			name = Assets;
			sourceTree = "<group>";
		};
		CCCD23241EF029C800B6512C /* Storyboard */ = {
			isa = PBXGroup;
			children = (
				CCCD23151EEFFBB500B6512C /* Main.storyboard */,
				CCCD231A1EEFFBB600B6512C /* LaunchScreen.storyboard */,
			);
			name = Storyboard;
			sourceTree = "<group>";
		};
		CCCD23251EF02A3A00B6512C /* Application */ = {
			isa = PBXGroup;
			children = (
				CCCD23261EF02A5500B6512C /* Main */,
				CCCD232B1EF02D0C00B6512C /* Statistics */,
				CCCD23281EF02C6400B6512C /* DataManager */,
				CCE00A211EF568AA0042AC88 /* PlayerManager */,
				CCCD23271EF02C1E00B6512C /* APIManager */,
				CC2BEC021EF9C92800A45277 /* Common */,
			);
			name = Application;
			sourceTree = "<group>";
		};
		CCCD23261EF02A5500B6512C /* Main */ = {
			isa = PBXGroup;
			children = (
				CCCD23111EEFFBB500B6512C /* AppDelegate.swift */,
			);
			name = Main;
			sourceTree = "<group>";
		};
		CCCD23271EF02C1E00B6512C /* APIManager */ = {
			isa = PBXGroup;
			children = (
				CCE00A241EF587360042AC88 /* APIManager.swift */,
			);
			name = APIManager;
			sourceTree = "<group>";
		};
		CCCD23281EF02C6400B6512C /* DataManager */ = {
			isa = PBXGroup;
			children = (
				CCCD23291EF02CC100B6512C /* DataManager.swift */,
			);
			name = DataManager;
			sourceTree = "<group>";
		};
		CCCD232B1EF02D0C00B6512C /* Statistics */ = {
			isa = PBXGroup;
			children = (
				CC2BEC561F0267C000A45277 /* View */,
				CCE00A091EF032360042AC88 /* Model */,
				CCE00A0B1EF032660042AC88 /* Controller */,
			);
			name = Statistics;
			sourceTree = "<group>";
		};
		CCE00A091EF032360042AC88 /* Model */ = {
			isa = PBXGroup;
			children = (
				CCE00A0E1EF038260042AC88 /* Match.swift */,
				CCE00A101EF03B7D0042AC88 /* Team.swift */,
				CCE00A0C1EF0333A0042AC88 /* Player.swift */,
				CCE00A281EF6A1050042AC88 /* Statistics.swift */,
			);
			name = Model;
			sourceTree = "<group>";
		};
		CCE00A0B1EF032660042AC88 /* Controller */ = {
			isa = PBXGroup;
			children = (
				CCE00A2C1EF7D0EA0042AC88 /* StatisticViewController.swift */,
			);
			name = Controller;
			sourceTree = "<group>";
		};
		CCE00A211EF568AA0042AC88 /* PlayerManager */ = {
			isa = PBXGroup;
			children = (
				CCE00A221EF568E50042AC88 /* PlayerManager.swift */,
			);
			name = PlayerManager;
			sourceTree = "<group>";
		};
/* End PBXGroup section */

/* Begin PBXNativeTarget section */
		CCCD230D1EEFFBB500B6512C /* Instat */ = {
			isa = PBXNativeTarget;
			buildConfigurationList = CCCD23201EEFFBB600B6512C /* Build configuration list for PBXNativeTarget "Instat" */;
			buildPhases = (
				CCCD230A1EEFFBB500B6512C /* Sources */,
				CCCD230B1EEFFBB500B6512C /* Frameworks */,
				CCCD230C1EEFFBB500B6512C /* Resources */,
			);
			buildRules = (
			);
			dependencies = (
			);
			name = Instat;
			productName = Instat;
			productReference = CCCD230E1EEFFBB500B6512C /* Instat.app */;
			productType = "com.apple.product-type.application";
		};
/* End PBXNativeTarget section */

/* Begin PBXProject section */
		CCCD23061EEFFBB500B6512C /* Project object */ = {
			isa = PBXProject;
			attributes = {
				LastSwiftUpdateCheck = 0830;
				LastUpgradeCheck = 0830;
				ORGANIZATIONNAME = mpkupriyanov;
				TargetAttributes = {
					CCCD230D1EEFFBB500B6512C = {
						CreatedOnToolsVersion = 8.3.2;
						DevelopmentTeam = 5KA5NH492Q;
						ProvisioningStyle = Automatic;
					};
				};
			};
			buildConfigurationList = CCCD23091EEFFBB500B6512C /* Build configuration list for PBXProject "Instat" */;
			compatibilityVersion = "Xcode 3.2";
			developmentRegion = English;
			hasScannedForEncodings = 0;
			knownRegions = (
				en,
				Base,
			);
			mainGroup = CCCD23051EEFFBB500B6512C;
			productRefGroup = CCCD230F1EEFFBB500B6512C /* Products */;
			projectDirPath = "";
			projectRoot = "";
			targets = (
				CCCD230D1EEFFBB500B6512C /* Instat */,
			);
		};
/* End PBXProject section */

/* Begin PBXResourcesBuildPhase section */
		CCCD230C1EEFFBB500B6512C /* Resources */ = {
			isa = PBXResourcesBuildPhase;
			buildActionMask = 2147483647;
			files = (
				CCCD231C1EEFFBB600B6512C /* LaunchScreen.storyboard in Resources */,
				CCCD23191EEFFBB600B6512C /* Assets.xcassets in Resources */,
				CCCD23171EEFFBB500B6512C /* Main.storyboard in Resources */,
			);
			runOnlyForDeploymentPostprocessing = 0;
		};
/* End PBXResourcesBuildPhase section */

/* Begin PBXSourcesBuildPhase section */
		CCCD230A1EEFFBB500B6512C /* Sources */ = {
			isa = PBXSourcesBuildPhase;
			buildActionMask = 2147483647;
			files = (
				CC2BEC5A1F02683000A45277 /* PlayerCell.swift in Sources */,
				CCE00A251EF587360042AC88 /* APIManager.swift in Sources */,
				CCCD23121EEFFBB500B6512C /* AppDelegate.swift in Sources */,
				CCE00A2D1EF7D0EA0042AC88 /* StatisticViewController.swift in Sources */,
				CCE00A0D1EF0333A0042AC88 /* Player.swift in Sources */,
				CC2BEC5E1F02CC4500A45277 /* HeaderCell.swift in Sources */,
				CCCD232A1EF02CC100B6512C /* DataManager.swift in Sources */,
				CCE00A231EF568E50042AC88 /* PlayerManager.swift in Sources */,
				CCE00A291EF6A1050042AC88 /* Statistics.swift in Sources */,
				CC5155651F03E4EE00440F85 /* FooterCell.swift in Sources */,
				CCE00A111EF03B7D0042AC88 /* Team.swift in Sources */,
				CC2BEC041EF9C97F00A45277 /* Common.swift in Sources */,
				CCE00A0F1EF038260042AC88 /* Match.swift in Sources */,
				CC2BEC5C1F02C26300A45277 /* StatisticCell.swift in Sources */,
			);
			runOnlyForDeploymentPostprocessing = 0;
		};
/* End PBXSourcesBuildPhase section */

/* Begin PBXVariantGroup section */
		CCCD23151EEFFBB500B6512C /* Main.storyboard */ = {
			isa = PBXVariantGroup;
			children = (
				CCCD23161EEFFBB500B6512C /* Base */,
			);
			name = Main.storyboard;
			sourceTree = "<group>";
		};
		CCCD231A1EEFFBB600B6512C /* LaunchScreen.storyboard */ = {
			isa = PBXVariantGroup;
			children = (
				CCCD231B1EEFFBB600B6512C /* Base */,
			);
			name = LaunchScreen.storyboard;
			sourceTree = "<group>";
		};
/* End PBXVariantGroup section */

/* Begin XCBuildConfiguration section */
		CCCD231E1EEFFBB600B6512C /* Debug */ = {
			isa = XCBuildConfiguration;
			buildSettings = {
				ALWAYS_SEARCH_USER_PATHS = NO;
				CLANG_ANALYZER_NONNULL = YES;
				CLANG_ANALYZER_NUMBER_OBJECT_CONVERSION = YES_AGGRESSIVE;
				CLANG_CXX_LANGUAGE_STANDARD = "gnu++0x";
				CLANG_CXX_LIBRARY = "libc++";
				CLANG_ENABLE_MODULES = YES;
				CLANG_ENABLE_OBJC_ARC = YES;
				CLANG_WARN_BOOL_CONVERSION = YES;
				CLANG_WARN_CONSTANT_CONVERSION = YES;
				CLANG_WARN_DIRECT_OBJC_ISA_USAGE = YES_ERROR;
				CLANG_WARN_DOCUMENTATION_COMMENTS = YES;
				CLANG_WARN_EMPTY_BODY = YES;
				CLANG_WARN_ENUM_CONVERSION = YES;
				CLANG_WARN_INFINITE_RECURSION = YES;
				CLANG_WARN_INT_CONVERSION = YES;
				CLANG_WARN_OBJC_ROOT_CLASS = YES_ERROR;
				CLANG_WARN_SUSPICIOUS_MOVE = YES;
				CLANG_WARN_UNREACHABLE_CODE = YES;
				CLANG_WARN__DUPLICATE_METHOD_MATCH = YES;
				"CODE_SIGN_IDENTITY[sdk=iphoneos*]" = "iPhone Developer";
				COPY_PHASE_STRIP = NO;
				DEBUG_INFORMATION_FORMAT = dwarf;
				ENABLE_STRICT_OBJC_MSGSEND = YES;
				ENABLE_TESTABILITY = YES;
				GCC_C_LANGUAGE_STANDARD = gnu99;
				GCC_DYNAMIC_NO_PIC = NO;
				GCC_NO_COMMON_BLOCKS = YES;
				GCC_OPTIMIZATION_LEVEL = 0;
				GCC_PREPROCESSOR_DEFINITIONS = (
					"DEBUG=1",
					"$(inherited)",
				);
				GCC_WARN_64_TO_32_BIT_CONVERSION = YES;
				GCC_WARN_ABOUT_RETURN_TYPE = YES_ERROR;
				GCC_WARN_UNDECLARED_SELECTOR = YES;
				GCC_WARN_UNINITIALIZED_AUTOS = YES_AGGRESSIVE;
				GCC_WARN_UNUSED_FUNCTION = YES;
				GCC_WARN_UNUSED_VARIABLE = YES;
				IPHONEOS_DEPLOYMENT_TARGET = 10.3;
				MTL_ENABLE_DEBUG_INFO = YES;
				ONLY_ACTIVE_ARCH = YES;
				SDKROOT = iphoneos;
				SWIFT_ACTIVE_COMPILATION_CONDITIONS = DEBUG;
				SWIFT_OPTIMIZATION_LEVEL = "-Onone";
				TARGETED_DEVICE_FAMILY = 2;
			};
			name = Debug;
		};
		CCCD231F1EEFFBB600B6512C /* Release */ = {
			isa = XCBuildConfiguration;
			buildSettings = {
				ALWAYS_SEARCH_USER_PATHS = NO;
				CLANG_ANALYZER_NONNULL = YES;
				CLANG_ANALYZER_NUMBER_OBJECT_CONVERSION = YES_AGGRESSIVE;
				CLANG_CXX_LANGUAGE_STANDARD = "gnu++0x";
				CLANG_CXX_LIBRARY = "libc++";
				CLANG_ENABLE_MODULES = YES;
				CLANG_ENABLE_OBJC_ARC = YES;
				CLANG_WARN_BOOL_CONVERSION = YES;
				CLANG_WARN_CONSTANT_CONVERSION = YES;
				CLANG_WARN_DIRECT_OBJC_ISA_USAGE = YES_ERROR;
				CLANG_WARN_DOCUMENTATION_COMMENTS = YES;
				CLANG_WARN_EMPTY_BODY = YES;
				CLANG_WARN_ENUM_CONVERSION = YES;
				CLANG_WARN_INFINITE_RECURSION = YES;
				CLANG_WARN_INT_CONVERSION = YES;
				CLANG_WARN_OBJC_ROOT_CLASS = YES_ERROR;
				CLANG_WARN_SUSPICIOUS_MOVE = YES;
				CLANG_WARN_UNREACHABLE_CODE = YES;
				CLANG_WARN__DUPLICATE_METHOD_MATCH = YES;
				"CODE_SIGN_IDENTITY[sdk=iphoneos*]" = "iPhone Developer";
				COPY_PHASE_STRIP = NO;
				DEBUG_INFORMATION_FORMAT = "dwarf-with-dsym";
				ENABLE_NS_ASSERTIONS = NO;
				ENABLE_STRICT_OBJC_MSGSEND = YES;
				GCC_C_LANGUAGE_STANDARD = gnu99;
				GCC_NO_COMMON_BLOCKS = YES;
				GCC_WARN_64_TO_32_BIT_CONVERSION = YES;
				GCC_WARN_ABOUT_RETURN_TYPE = YES_ERROR;
				GCC_WARN_UNDECLARED_SELECTOR = YES;
				GCC_WARN_UNINITIALIZED_AUTOS = YES_AGGRESSIVE;
				GCC_WARN_UNUSED_FUNCTION = YES;
				GCC_WARN_UNUSED_VARIABLE = YES;
				IPHONEOS_DEPLOYMENT_TARGET = 10.3;
				MTL_ENABLE_DEBUG_INFO = NO;
				SDKROOT = iphoneos;
				SWIFT_OPTIMIZATION_LEVEL = "-Owholemodule";
				TARGETED_DEVICE_FAMILY = 2;
				VALIDATE_PRODUCT = YES;
			};
			name = Release;
		};
		CCCD23211EEFFBB600B6512C /* Debug */ = {
			isa = XCBuildConfiguration;
			buildSettings = {
				ALWAYS_EMBED_SWIFT_STANDARD_LIBRARIES = YES;
				ASSETCATALOG_COMPILER_APPICON_NAME = AppIcon;
				DEVELOPMENT_TEAM = 5KA5NH492Q;
				FRAMEWORK_SEARCH_PATHS = (
					"$(inherited)",
					"$(PROJECT_DIR)",
					"$(DEVELOPER_FRAMEWORKS_DIR)",
				);
				INFOPLIST_FILE = Instat/Info.plist;
				IPHONEOS_DEPLOYMENT_TARGET = 10.3;
				LD_RUNPATH_SEARCH_PATHS = "$(inherited) @executable_path/Frameworks";
				PRODUCT_BUNDLE_IDENTIFIER = mpkupriyanov.cocoa.Instat;
				PRODUCT_NAME = "$(TARGET_NAME)";
				REEXPORTED_LIBRARY_PATHS = "";
				SWIFT_OBJC_BRIDGING_HEADER = /Applications/Xcode.app/Contents/Developer/Library/Frameworks/NGrid.framework/Headers/NGrid.h;
				SWIFT_VERSION = 3.0;
			};
			name = Debug;
		};
		CCCD23221EEFFBB600B6512C /* Release */ = {
			isa = XCBuildConfiguration;
			buildSettings = {
				ALWAYS_EMBED_SWIFT_STANDARD_LIBRARIES = YES;
				ASSETCATALOG_COMPILER_APPICON_NAME = AppIcon;
				DEVELOPMENT_TEAM = 5KA5NH492Q;
				FRAMEWORK_SEARCH_PATHS = (
					"$(inherited)",
					"$(PROJECT_DIR)",
				);
				INFOPLIST_FILE = Instat/Info.plist;
				IPHONEOS_DEPLOYMENT_TARGET = 10.3;
				LD_RUNPATH_SEARCH_PATHS = "$(inherited) @executable_path/Frameworks";
				PRODUCT_BUNDLE_IDENTIFIER = mpkupriyanov.cocoa.Instat;
				PRODUCT_NAME = "$(TARGET_NAME)";
				REEXPORTED_LIBRARY_PATHS = "";
				SWIFT_OBJC_BRIDGING_HEADER = /Applications/Xcode.app/Contents/Developer/Library/Frameworks/NGrid.framework/Headers/NGrid.h;
				SWIFT_VERSION = 3.0;
			};
			name = Release;
		};
/* End XCBuildConfiguration section */

/* Begin XCConfigurationList section */
		CCCD23091EEFFBB500B6512C /* Build configuration list for PBXProject "Instat" */ = {
			isa = XCConfigurationList;
			buildConfigurations = (
				CCCD231E1EEFFBB600B6512C /* Debug */,
				CCCD231F1EEFFBB600B6512C /* Release */,
			);
			defaultConfigurationIsVisible = 0;
			defaultConfigurationName = Release;
		};
		CCCD23201EEFFBB600B6512C /* Build configuration list for PBXNativeTarget "Instat" */ = {
			isa = XCConfigurationList;
			buildConfigurations = (
				CCCD23211EEFFBB600B6512C /* Debug */,
				CCCD23221EEFFBB600B6512C /* Release */,
			);
			defaultConfigurationIsVisible = 0;
			defaultConfigurationName = Release;
		};
/* End XCConfigurationList section */
	};
	rootObject = CCCD23061EEFFBB500B6512C /* Project object */;
}
